{
  "nodes": {
    "nixpkgs": {
      "locked": {
        "lastModified": 1687420147,
        "narHash": "sha256-NILbmZVsoP2Aw0OAIXdbYXrWc/qggIDDyIwZ01yUx+Q=",
        "owner": "NixOS",
        "repo": "nixpkgs",
        "rev": "d449a456ba7d81038fc9ec9141eae7ee3aaf2982",
        "type": "github"
      },
      "original": {
        "owner": "NixOS",
        "ref": "release-23.05",
        "repo": "nixpkgs",
        "type": "github"
      }
    },
    "root": {
      "inputs": {
        "nixpkgs": "nixpkgs"
      }
    }
  },
  "root": "root",
  "version": 7
}
